
Microsoft Visual Studio Solution File, Format Version 12.00
# Visual Studio 15
Project("{FAE04EC0-301F-11D3-BF4B-00C04F79EFBC}") = "Oculus.Interaction.Editor", "Oculus.Interaction.Editor.csproj", "{FE863393-3B6D-354F-615B-C4EB1ACA7127}"
EndProject
Project("{FAE04EC0-301F-11D3-BF4B-00C04F79EFBC}") = "Facebook.Wit.Conduit", "Facebook.Wit.Conduit.csproj", "{65A749B2-EEA6-BDC6-7AEF-9C675E6B0A1A}"
EndProject
Project("{FAE04EC0-301F-11D3-BF4B-00C04F79EFBC}") = "Oculus.VR", "Oculus.VR.csproj", "{484C8FC2-A987-7CD8-68F6-58091E806CA3}"
EndProject
Project("{FAE04EC0-301F-11D3-BF4B-00C04F79EFBC}") = "Oculus.Interaction", "Oculus.Interaction.csproj", "{910EF4BE-0D7E-CE39-D777-261C5F2E944C}"
EndProject
Project("{FAE04EC0-301F-11D3-BF4B-00C04F79EFBC}") = "Oculus.Platform", "Oculus.Platform.csproj", "{1C28ED11-D28C-DB1F-F88F-E8A5D10A509F}"
EndProject
Project("{FAE04EC0-301F-11D3-BF4B-00C04F79EFBC}") = "Facebook.Wit.Conduit.Editor", "Facebook.Wit.Conduit.Editor.csproj", "{4A4C1823-60EE-5D6E-7065-54FDC45964A4}"
EndProject
Project("{FAE04EC0-301F-11D3-BF4B-00C04F79EFBC}") = "Facebook.WitAI", "Facebook.WitAI.csproj", "{A5A6B36E-D9F7-C50E-FCDC-3C35428A12F7}"
EndProject
Project("{FAE04EC0-301F-11D3-BF4B-00C04F79EFBC}") = "Assembly-CSharp", "Assembly-CSharp.csproj", "{2B76442F-B3FC-08E8-526C-93B6A2267D40}"
EndProject
Project("{FAE04EC0-301F-11D3-BF4B-00C04F79EFBC}") = "Oculus.VR.Scripts.Editor", "Oculus.VR.Scripts.Editor.csproj", "{ADF8841D-F595-26FA-BC78-B734120B2A40}"
EndProject
Project("{FAE04EC0-301F-11D3-BF4B-00C04F79EFBC}") = "Oculus.VR.Editor", "Oculus.VR.Editor.csproj", "{22A4904E-9538-972B-EE9D-DBFD8FEAE626}"
EndProject
Project("{FAE04EC0-301F-11D3-BF4B-00C04F79EFBC}") = "Facebook.Wit.Editor", "Facebook.Wit.Editor.csproj", "{CEEEB239-9580-AE80-CFEA-770EC5093C05}"
EndProject
Project("{FAE04EC0-301F-11D3-BF4B-00C04F79EFBC}") = "Oculus.Interaction.Samples", "Oculus.Interaction.Samples.csproj", "{7C95BF69-EBFB-3A71-E4D6-D15DC1088FE7}"
EndProject
Project("{FAE04EC0-301F-11D3-BF4B-00C04F79EFBC}") = "Oculus.LipSync", "Oculus.LipSync.csproj", "{616FF3FE-6169-D429-B227-F7CA146B9165}"
EndProject
Project("{FAE04EC0-301F-11D3-BF4B-00C04F79EFBC}") = "LitJson", "LitJson.csproj", "{5949CF26-66D8-3CAC-2E3E-36BB2A129A90}"
EndProject
Project("{FAE04EC0-301F-11D3-BF4B-00C04F79EFBC}") = "VoiceSDK.Editor", "VoiceSDK.Editor.csproj", "{D668EE8B-C98C-7091-977D-B2ACC5F63110}"
EndProject
Project("{FAE04EC0-301F-11D3-BF4B-00C04F79EFBC}") = "Oculus.Spatializer.Editor", "Oculus.Spatializer.Editor.csproj", "{A78A0996-0ADE-6D66-E83F-EF898DA17773}"
EndProject
Project("{FAE04EC0-301F-11D3-BF4B-00C04F79EFBC}") = "Facebook.Wit.TTS", "Facebook.Wit.TTS.csproj", "{F4B5D6A9-B9BF-AF7E-ADD2-9783AF6807CC}"
EndProject
Project("{FAE04EC0-301F-11D3-BF4B-00C04F79EFBC}") = "Assembly-CSharp-Editor", "Assembly-CSharp-Editor.csproj", "{97E95920-4F12-643A-D555-81F9A7B4E045}"
EndProject
Project("{FAE04EC0-301F-11D3-BF4B-00C04F79EFBC}") = "Oculus.AudioManager", "Oculus.AudioManager.csproj", "{81A8B6D7-DEED-3F36-30AD-89BC14F49F61}"
EndProject
Project("{FAE04EC0-301F-11D3-BF4B-00C04F79EFBC}") = "Facebook.Wit.TTS.Editor", "Facebook.Wit.TTS.Editor.csproj", "{2E2CFB84-CD52-7155-FABC-1C311023A96B}"
EndProject
Project("{FAE04EC0-301F-11D3-BF4B-00C04F79EFBC}") = "VoiceSDK.Runtime", "VoiceSDK.Runtime.csproj", "{2E6C52F0-02B1-5095-10BB-17056D1D200A}"
EndProject
Project("{FAE04EC0-301F-11D3-BF4B-00C04F79EFBC}") = "AssistantCoreSDKRuntime", "AssistantCoreSDKRuntime.csproj", "{6388E888-D847-22A3-299B-24D3445E0DBA}"
EndProject
Project("{FAE04EC0-301F-11D3-BF4B-00C04F79EFBC}") = "Oculus.AudioManager.Audio.Editor", "Oculus.AudioManager.Audio.Editor.csproj", "{87DF5A86-87FE-A52B-6A87-4781AE89753F}"
EndProject
Project("{FAE04EC0-301F-11D3-BF4B-00C04F79EFBC}") = "Oculus.Voice.Demo", "Oculus.Voice.Demo.csproj", "{36F54A65-5A55-AD78-7C29-0ED455BE5C51}"
EndProject
Project("{FAE04EC0-301F-11D3-BF4B-00C04F79EFBC}") = "Facebook.Wit.TTS.Samples", "Facebook.Wit.TTS.Samples.csproj", "{3256603B-B25F-8EA8-EE33-5FB9937FC2EE}"
EndProject
Project("{FAE04EC0-301F-11D3-BF4B-00C04F79EFBC}") = "Oculus.Interaction.Samples.Editor", "Oculus.Interaction.Samples.Editor.csproj", "{B55B9476-E0B3-FC51-5C35-9801F957BD6A}"
EndProject
Project("{FAE04EC0-301F-11D3-BF4B-00C04F79EFBC}") = "Oculus.Platform.Editor", "Oculus.Platform.Editor.csproj", "{E1ECFF57-1578-DB92-A77D-4F2077A77485}"
EndProject
Project("{FAE04EC0-301F-11D3-BF4B-00C04F79EFBC}") = "Oculus.Spatializer", "Oculus.Spatializer.csproj", "{1D279ACE-58AF-9D2D-9868-BE6B260A17C6}"
EndProject
Project("{FAE04EC0-301F-11D3-BF4B-00C04F79EFBC}") = "Oculus.LipSync.Editor", "Oculus.LipSync.Editor.csproj", "{DB3067A4-E495-F62C-B424-19D6FF17C3A9}"
EndProject
Project("{FAE04EC0-301F-11D3-BF4B-00C04F79EFBC}") = "Oculus.AudioManager.Utils.Editor", "Oculus.AudioManager.Utils.Editor.csproj", "{A4C50D35-2DC5-2C32-900A-3EB0B04829E5}"
EndProject
Project("{FAE04EC0-301F-11D3-BF4B-00C04F79EFBC}") = "AssistantCoreSDKEditor", "AssistantCoreSDKEditor.csproj", "{EE209DB4-0A43-3BA1-781B-35DAB5C13187}"
EndProject
Project("{FAE04EC0-301F-11D3-BF4B-00C04F79EFBC}") = "Oculus.Interaction.InterfaceSupport", "Oculus.Interaction.InterfaceSupport.csproj", "{F2A808ED-61B4-33E8-A40D-3B8F99C7C972}"
EndProject
Global
	GlobalSection(SolutionConfigurationPlatforms) = preSolution
		Debug|Any CPU = Debug|Any CPU
		Release|Any CPU = Release|Any CPU
	EndGlobalSection
	GlobalSection(ProjectConfigurationPlatforms) = postSolution
		{FE863393-3B6D-354F-615B-C4EB1ACA7127}.Debug|Any CPU.ActiveCfg = Debug|Any CPU
		{FE863393-3B6D-354F-615B-C4EB1ACA7127}.Debug|Any CPU.Build.0 = Debug|Any CPU
		{FE863393-3B6D-354F-615B-C4EB1ACA7127}.Release|Any CPU.ActiveCfg = Release|Any CPU
		{FE863393-3B6D-354F-615B-C4EB1ACA7127}.Release|Any CPU.Build.0 = Release|Any CPU
		{65A749B2-EEA6-BDC6-7AEF-9C675E6B0A1A}.Debug|Any CPU.ActiveCfg = Debug|Any CPU
		{65A749B2-EEA6-BDC6-7AEF-9C675E6B0A1A}.Debug|Any CPU.Build.0 = Debug|Any CPU
		{65A749B2-EEA6-BDC6-7AEF-9C675E6B0A1A}.Release|Any CPU.ActiveCfg = Release|Any CPU
		{65A749B2-EEA6-BDC6-7AEF-9C675E6B0A1A}.Release|Any CPU.Build.0 = Release|Any CPU
		{484C8FC2-A987-7CD8-68F6-58091E806CA3}.Debug|Any CPU.ActiveCfg = Debug|Any CPU
		{484C8FC2-A987-7CD8-68F6-58091E806CA3}.Debug|Any CPU.Build.0 = Debug|Any CPU
		{484C8FC2-A987-7CD8-68F6-58091E806CA3}.Release|Any CPU.ActiveCfg = Release|Any CPU
		{484C8FC2-A987-7CD8-68F6-58091E806CA3}.Release|Any CPU.Build.0 = Release|Any CPU
		{910EF4BE-0D7E-CE39-D777-261C5F2E944C}.Debug|Any CPU.ActiveCfg = Debug|Any CPU
		{910EF4BE-0D7E-CE39-D777-261C5F2E944C}.Debug|Any CPU.Build.0 = Debug|Any CPU
		{910EF4BE-0D7E-CE39-D777-261C5F2E944C}.Release|Any CPU.ActiveCfg = Release|Any CPU
		{910EF4BE-0D7E-CE39-D777-261C5F2E944C}.Release|Any CPU.Build.0 = Release|Any CPU
		{1C28ED11-D28C-DB1F-F88F-E8A5D10A509F}.Debug|Any CPU.ActiveCfg = Debug|Any CPU
		{1C28ED11-D28C-DB1F-F88F-E8A5D10A509F}.Debug|Any CPU.Build.0 = Debug|Any CPU
		{1C28ED11-D28C-DB1F-F88F-E8A5D10A509F}.Release|Any CPU.ActiveCfg = Release|Any CPU
		{1C28ED11-D28C-DB1F-F88F-E8A5D10A509F}.Release|Any CPU.Build.0 = Release|Any CPU
		{4A4C1823-60EE-5D6E-7065-54FDC45964A4}.Debug|Any CPU.ActiveCfg = Debug|Any CPU
		{4A4C1823-60EE-5D6E-7065-54FDC45964A4}.Debug|Any CPU.Build.0 = Debug|Any CPU
		{4A4C1823-60EE-5D6E-7065-54FDC45964A4}.Release|Any CPU.ActiveCfg = Release|Any CPU
		{4A4C1823-60EE-5D6E-7065-54FDC45964A4}.Release|Any CPU.Build.0 = Release|Any CPU
		{A5A6B36E-D9F7-C50E-FCDC-3C35428A12F7}.Debug|Any CPU.ActiveCfg = Debug|Any CPU
		{A5A6B36E-D9F7-C50E-FCDC-3C35428A12F7}.Debug|Any CPU.Build.0 = Debug|Any CPU
		{A5A6B36E-D9F7-C50E-FCDC-3C35428A12F7}.Release|Any CPU.ActiveCfg = Release|Any CPU
		{A5A6B36E-D9F7-C50E-FCDC-3C35428A12F7}.Release|Any CPU.Build.0 = Release|Any CPU
		{2B76442F-B3FC-08E8-526C-93B6A2267D40}.Debug|Any CPU.ActiveCfg = Debug|Any CPU
		{2B76442F-B3FC-08E8-526C-93B6A2267D40}.Debug|Any CPU.Build.0 = Debug|Any CPU
		{2B76442F-B3FC-08E8-526C-93B6A2267D40}.Release|Any CPU.ActiveCfg = Release|Any CPU
		{2B76442F-B3FC-08E8-526C-93B6A2267D40}.Release|Any CPU.Build.0 = Release|Any CPU
		{ADF8841D-F595-26FA-BC78-B734120B2A40}.Debug|Any CPU.ActiveCfg = Debug|Any CPU
		{ADF8841D-F595-26FA-BC78-B734120B2A40}.Debug|Any CPU.Build.0 = Debug|Any CPU
		{ADF8841D-F595-26FA-BC78-B734120B2A40}.Release|Any CPU.ActiveCfg = Release|Any CPU
		{ADF8841D-F595-26FA-BC78-B734120B2A40}.Release|Any CPU.Build.0 = Release|Any CPU
		{22A4904E-9538-972B-EE9D-DBFD8FEAE626}.Debug|Any CPU.ActiveCfg = Debug|Any CPU
		{22A4904E-9538-972B-EE9D-DBFD8FEAE626}.Debug|Any CPU.Build.0 = Debug|Any CPU
		{22A4904E-9538-972B-EE9D-DBFD8FEAE626}.Release|Any CPU.ActiveCfg = Release|Any CPU
		{22A4904E-9538-972B-EE9D-DBFD8FEAE626}.Release|Any CPU.Build.0 = Release|Any CPU
		{CEEEB239-9580-AE80-CFEA-770EC5093C05}.Debug|Any CPU.ActiveCfg = Debug|Any CPU
		{CEEEB239-9580-AE80-CFEA-770EC5093C05}.Debug|Any CPU.Build.0 = Debug|Any CPU
		{CEEEB239-9580-AE80-CFEA-770EC5093C05}.Release|Any CPU.ActiveCfg = Release|Any CPU
		{CEEEB239-9580-AE80-CFEA-770EC5093C05}.Release|Any CPU.Build.0 = Release|Any CPU
		{7C95BF69-EBFB-3A71-E4D6-D15DC1088FE7}.Debug|Any CPU.ActiveCfg = Debug|Any CPU
		{7C95BF69-EBFB-3A71-E4D6-D15DC1088FE7}.Debug|Any CPU.Build.0 = Debug|Any CPU
		{7C95BF69-EBFB-3A71-E4D6-D15DC1088FE7}.Release|Any CPU.ActiveCfg = Release|Any CPU
		{7C95BF69-EBFB-3A71-E4D6-D15DC1088FE7}.Release|Any CPU.Build.0 = Release|Any CPU
		{616FF3FE-6169-D429-B227-F7CA146B9165}.Debug|Any CPU.ActiveCfg = Debug|Any CPU
		{616FF3FE-6169-D429-B227-F7CA146B9165}.Debug|Any CPU.Build.0 = Debug|Any CPU
		{616FF3FE-6169-D429-B227-F7CA146B9165}.Release|Any CPU.ActiveCfg = Release|Any CPU
		{616FF3FE-6169-D429-B227-F7CA146B9165}.Release|Any CPU.Build.0 = Release|Any CPU
		{5949CF26-66D8-3CAC-2E3E-36BB2A129A90}.Debug|Any CPU.ActiveCfg = Debug|Any CPU
		{5949CF26-66D8-3CAC-2E3E-36BB2A129A90}.Debug|Any CPU.Build.0 = Debug|Any CPU
		{5949CF26-66D8-3CAC-2E3E-36BB2A129A90}.Release|Any CPU.ActiveCfg = Release|Any CPU
		{5949CF26-66D8-3CAC-2E3E-36BB2A129A90}.Release|Any CPU.Build.0 = Release|Any CPU
		{D668EE8B-C98C-7091-977D-B2ACC5F63110}.Debug|Any CPU.ActiveCfg = Debug|Any CPU
		{D668EE8B-C98C-7091-977D-B2ACC5F63110}.Debug|Any CPU.Build.0 = Debug|Any CPU
		{D668EE8B-C98C-7091-977D-B2ACC5F63110}.Release|Any CPU.ActiveCfg = Release|Any CPU
		{D668EE8B-C98C-7091-977D-B2ACC5F63110}.Release|Any CPU.Build.0 = Release|Any CPU
		{A78A0996-0ADE-6D66-E83F-EF898DA17773}.Debug|Any CPU.ActiveCfg = Debug|Any CPU
		{A78A0996-0ADE-6D66-E83F-EF898DA17773}.Debug|Any CPU.Build.0 = Debug|Any CPU
		{A78A0996-0ADE-6D66-E83F-EF898DA17773}.Release|Any CPU.ActiveCfg = Release|Any CPU
		{A78A0996-0ADE-6D66-E83F-EF898DA17773}.Release|Any CPU.Build.0 = Release|Any CPU
		{F4B5D6A9-B9BF-AF7E-ADD2-9783AF6807CC}.Debug|Any CPU.ActiveCfg = Debug|Any CPU
		{F4B5D6A9-B9BF-AF7E-ADD2-9783AF6807CC}.Debug|Any CPU.Build.0 = Debug|Any CPU
		{F4B5D6A9-B9BF-AF7E-ADD2-9783AF6807CC}.Release|Any CPU.ActiveCfg = Release|Any CPU
		{F4B5D6A9-B9BF-AF7E-ADD2-9783AF6807CC}.Release|Any CPU.Build.0 = Release|Any CPU
		{97E95920-4F12-643A-D555-81F9A7B4E045}.Debug|Any CPU.ActiveCfg = Debug|Any CPU
		{97E95920-4F12-643A-D555-81F9A7B4E045}.Debug|Any CPU.Build.0 = Debug|Any CPU
		{97E95920-4F12-643A-D555-81F9A7B4E045}.Release|Any CPU.ActiveCfg = Release|Any CPU
		{97E95920-4F12-643A-D555-81F9A7B4E045}.Release|Any CPU.Build.0 = Release|Any CPU
		{81A8B6D7-DEED-3F36-30AD-89BC14F49F61}.Debug|Any CPU.ActiveCfg = Debug|Any CPU
		{81A8B6D7-DEED-3F36-30AD-89BC14F49F61}.Debug|Any CPU.Build.0 = Debug|Any CPU
		{81A8B6D7-DEED-3F36-30AD-89BC14F49F61}.Release|Any CPU.ActiveCfg = Release|Any CPU
		{81A8B6D7-DEED-3F36-30AD-89BC14F49F61}.Release|Any CPU.Build.0 = Release|Any CPU
		{2E2CFB84-CD52-7155-FABC-1C311023A96B}.Debug|Any CPU.ActiveCfg = Debug|Any CPU
		{2E2CFB84-CD52-7155-FABC-1C311023A96B}.Debug|Any CPU.Build.0 = Debug|Any CPU
		{2E2CFB84-CD52-7155-FABC-1C311023A96B}.Release|Any CPU.ActiveCfg = Release|Any CPU
		{2E2CFB84-CD52-7155-FABC-1C311023A96B}.Release|Any CPU.Build.0 = Release|Any CPU
		{2E6C52F0-02B1-5095-10BB-17056D1D200A}.Debug|Any CPU.ActiveCfg = Debug|Any CPU
		{2E6C52F0-02B1-5095-10BB-17056D1D200A}.Debug|Any CPU.Build.0 = Debug|Any CPU
		{2E6C52F0-02B1-5095-10BB-17056D1D200A}.Release|Any CPU.ActiveCfg = Release|Any CPU
		{2E6C52F0-02B1-5095-10BB-17056D1D200A}.Release|Any CPU.Build.0 = Release|Any CPU
		{6388E888-D847-22A3-299B-24D3445E0DBA}.Debug|Any CPU.ActiveCfg = Debug|Any CPU
		{6388E888-D847-22A3-299B-24D3445E0DBA}.Debug|Any CPU.Build.0 = Debug|Any CPU
		{6388E888-D847-22A3-299B-24D3445E0DBA}.Release|Any CPU.ActiveCfg = Release|Any CPU
		{6388E888-D847-22A3-299B-24D3445E0DBA}.Release|Any CPU.Build.0 = Release|Any CPU
		{87DF5A86-87FE-A52B-6A87-4781AE89753F}.Debug|Any CPU.ActiveCfg = Debug|Any CPU
		{87DF5A86-87FE-A52B-6A87-4781AE89753F}.Debug|Any CPU.Build.0 = Debug|Any CPU
		{87DF5A86-87FE-A52B-6A87-4781AE89753F}.Release|Any CPU.ActiveCfg = Release|Any CPU
		{87DF5A86-87FE-A52B-6A87-4781AE89753F}.Release|Any CPU.Build.0 = Release|Any CPU
		{36F54A65-5A55-AD78-7C29-0ED455BE5C51}.Debug|Any CPU.ActiveCfg = Debug|Any CPU
		{36F54A65-5A55-AD78-7C29-0ED455BE5C51}.Debug|Any CPU.Build.0 = Debug|Any CPU
		{36F54A65-5A55-AD78-7C29-0ED455BE5C51}.Release|Any CPU.ActiveCfg = Release|Any CPU
		{36F54A65-5A55-AD78-7C29-0ED455BE5C51}.Release|Any CPU.Build.0 = Release|Any CPU
		{3256603B-B25F-8EA8-EE33-5FB9937FC2EE}.Debug|Any CPU.ActiveCfg = Debug|Any CPU
		{3256603B-B25F-8EA8-EE33-5FB9937FC2EE}.Debug|Any CPU.Build.0 = Debug|Any CPU
		{3256603B-B25F-8EA8-EE33-5FB9937FC2EE}.Release|Any CPU.ActiveCfg = Release|Any CPU
		{3256603B-B25F-8EA8-EE33-5FB9937FC2EE}.Release|Any CPU.Build.0 = Release|Any CPU
		{B55B9476-E0B3-FC51-5C35-9801F957BD6A}.Debug|Any CPU.ActiveCfg = Debug|Any CPU
		{B55B9476-E0B3-FC51-5C35-9801F957BD6A}.Debug|Any CPU.Build.0 = Debug|Any CPU
		{B55B9476-E0B3-FC51-5C35-9801F957BD6A}.Release|Any CPU.ActiveCfg = Release|Any CPU
		{B55B9476-E0B3-FC51-5C35-9801F957BD6A}.Release|Any CPU.Build.0 = Release|Any CPU
		{E1ECFF57-1578-DB92-A77D-4F2077A77485}.Debug|Any CPU.ActiveCfg = Debug|Any CPU
		{E1ECFF57-1578-DB92-A77D-4F2077A77485}.Debug|Any CPU.Build.0 = Debug|Any CPU
		{E1ECFF57-1578-DB92-A77D-4F2077A77485}.Release|Any CPU.ActiveCfg = Release|Any CPU
		{E1ECFF57-1578-DB92-A77D-4F2077A77485}.Release|Any CPU.Build.0 = Release|Any CPU
		{1D279ACE-58AF-9D2D-9868-BE6B260A17C6}.Debug|Any CPU.ActiveCfg = Debug|Any CPU
		{1D279ACE-58AF-9D2D-9868-BE6B260A17C6}.Debug|Any CPU.Build.0 = Debug|Any CPU
		{1D279ACE-58AF-9D2D-9868-BE6B260A17C6}.Release|Any CPU.ActiveCfg = Release|Any CPU
		{1D279ACE-58AF-9D2D-9868-BE6B260A17C6}.Release|Any CPU.Build.0 = Release|Any CPU
		{DB3067A4-E495-F62C-B424-19D6FF17C3A9}.Debug|Any CPU.ActiveCfg = Debug|Any CPU
		{DB3067A4-E495-F62C-B424-19D6FF17C3A9}.Debug|Any CPU.Build.0 = Debug|Any CPU
		{DB3067A4-E495-F62C-B424-19D6FF17C3A9}.Release|Any CPU.ActiveCfg = Release|Any CPU
		{DB3067A4-E495-F62C-B424-19D6FF17C3A9}.Release|Any CPU.Build.0 = Release|Any CPU
		{A4C50D35-2DC5-2C32-900A-3EB0B04829E5}.Debug|Any CPU.ActiveCfg = Debug|Any CPU
		{A4C50D35-2DC5-2C32-900A-3EB0B04829E5}.Debug|Any CPU.Build.0 = Debug|Any CPU
		{A4C50D35-2DC5-2C32-900A-3EB0B04829E5}.Release|Any CPU.ActiveCfg = Release|Any CPU
		{A4C50D35-2DC5-2C32-900A-3EB0B04829E5}.Release|Any CPU.Build.0 = Release|Any CPU
		{EE209DB4-0A43-3BA1-781B-35DAB5C13187}.Debug|Any CPU.ActiveCfg = Debug|Any CPU
		{EE209DB4-0A43-3BA1-781B-35DAB5C13187}.Debug|Any CPU.Build.0 = Debug|Any CPU
		{EE209DB4-0A43-3BA1-781B-35DAB5C13187}.Release|Any CPU.ActiveCfg = Release|Any CPU
		{EE209DB4-0A43-3BA1-781B-35DAB5C13187}.Release|Any CPU.Build.0 = Release|Any CPU
		{F2A808ED-61B4-33E8-A40D-3B8F99C7C972}.Debug|Any CPU.ActiveCfg = Debug|Any CPU
		{F2A808ED-61B4-33E8-A40D-3B8F99C7C972}.Debug|Any CPU.Build.0 = Debug|Any CPU
		{F2A808ED-61B4-33E8-A40D-3B8F99C7C972}.Release|Any CPU.ActiveCfg = Release|Any CPU
		{F2A808ED-61B4-33E8-A40D-3B8F99C7C972}.Release|Any CPU.Build.0 = Release|Any CPU
	EndGlobalSection
	GlobalSection(SolutionProperties) = preSolution
		HideSolutionNode = FALSE
	EndGlobalSection
EndGlobal
